
Microsoft Visual Studio Solution File, Format Version 12.00
# Visual Studio Version 16
VisualStudioVersion = 16.0.30128.74
MinimumVisualStudioVersion = 10.0.40219.1
Project("{FAE04EC0-301F-11D3-BF4B-00C04F79EFBC}") = "program1", "program1\program1.csproj", "{AF5FF133-FED7-46E5-AD56-8B64C226CD7D}"
EndProject
Global
	GlobalSection(SolutionConfigurationPlatforms) = preSolution
		Debug|Any CPU = Debug|Any CPU
		Release|Any CPU = Release|Any CPU
	EndGlobalSection
	GlobalSection(ProjectConfigurationPlatforms) = postSolution
		{AF5FF133-FED7-46E5-AD56-8B64C226CD7D}.Debug|Any CPU.ActiveCfg = Debug|Any CPU
		{AF5FF133-FED7-46E5-AD56-8B64C226CD7D}.Debug|Any CPU.Build.0 = Debug|Any CPU
		{AF5FF133-FED7-46E5-AD56-8B64C226CD7D}.Release|Any CPU.ActiveCfg = Release|Any CPU
		{AF5FF133-FED7-46E5-AD56-8B64C226CD7D}.Release|Any CPU.Build.0 = Release|Any CPU
	EndGlobalSection
	GlobalSection(SolutionProperties) = preSolution
		HideSolutionNode = FALSE
	EndGlobalSection
	GlobalSection(ExtensibilityGlobals) = postSolution
		SolutionGuid = {A42917BC-2DDA-4716-8BC4-653BDBFCDBDE}
	EndGlobalSection
EndGlobal
