
Microsoft Visual Studio Solution File, Format Version 12.00
# Visual Studio Version 16
VisualStudioVersion = 16.0.30104.148
MinimumVisualStudioVersion = 10.0.40219.1
Project("{FAE04EC0-301F-11D3-BF4B-00C04F79EFBC}") = "ex4_async", "ex4_async\ex4_async.csproj", "{5BC48991-CA2A-41A7-A1C3-18E0348081DF}"
EndProject
Global
	GlobalSection(SolutionConfigurationPlatforms) = preSolution
		Debug|Any CPU = Debug|Any CPU
		Release|Any CPU = Release|Any CPU
	EndGlobalSection
	GlobalSection(ProjectConfigurationPlatforms) = postSolution
		{5BC48991-CA2A-41A7-A1C3-18E0348081DF}.Debug|Any CPU.ActiveCfg = Debug|Any CPU
		{5BC48991-CA2A-41A7-A1C3-18E0348081DF}.Debug|Any CPU.Build.0 = Debug|Any CPU
		{5BC48991-CA2A-41A7-A1C3-18E0348081DF}.Release|Any CPU.ActiveCfg = Release|Any CPU
		{5BC48991-CA2A-41A7-A1C3-18E0348081DF}.Release|Any CPU.Build.0 = Release|Any CPU
	EndGlobalSection
	GlobalSection(SolutionProperties) = preSolution
		HideSolutionNode = FALSE
	EndGlobalSection
	GlobalSection(ExtensibilityGlobals) = postSolution
		SolutionGuid = {B27CBF2F-3097-4229-9D41-B9467CA8D285}
	EndGlobalSection
EndGlobal
