
Microsoft Visual Studio Solution File, Format Version 12.00
# Visual Studio Version 16
VisualStudioVersion = 16.0.30104.148
MinimumVisualStudioVersion = 10.0.40219.1
Project("{FAE04EC0-301F-11D3-BF4B-00C04F79EFBC}") = "ex1_virtual_func", "ex1_virtual_func\ex1_virtual_func.csproj", "{ECEF7EBC-675E-48A7-8707-9E1E34DBE5CA}"
EndProject
Global
	GlobalSection(SolutionConfigurationPlatforms) = preSolution
		Debug|Any CPU = Debug|Any CPU
		Release|Any CPU = Release|Any CPU
	EndGlobalSection
	GlobalSection(ProjectConfigurationPlatforms) = postSolution
		{ECEF7EBC-675E-48A7-8707-9E1E34DBE5CA}.Debug|Any CPU.ActiveCfg = Debug|Any CPU
		{ECEF7EBC-675E-48A7-8707-9E1E34DBE5CA}.Debug|Any CPU.Build.0 = Debug|Any CPU
		{ECEF7EBC-675E-48A7-8707-9E1E34DBE5CA}.Release|Any CPU.ActiveCfg = Release|Any CPU
		{ECEF7EBC-675E-48A7-8707-9E1E34DBE5CA}.Release|Any CPU.Build.0 = Release|Any CPU
	EndGlobalSection
	GlobalSection(SolutionProperties) = preSolution
		HideSolutionNode = FALSE
	EndGlobalSection
	GlobalSection(ExtensibilityGlobals) = postSolution
		SolutionGuid = {017C8B7B-204F-4970-82F1-15EA0B60CB0E}
	EndGlobalSection
EndGlobal
