
Microsoft Visual Studio Solution File, Format Version 12.00
# Visual Studio Version 16
VisualStudioVersion = 16.0.30128.74
MinimumVisualStudioVersion = 10.0.40219.1
Project("{FAE04EC0-301F-11D3-BF4B-00C04F79EFBC}") = "programe", "programe\programe.csproj", "{1CFDE8C7-2589-4ED8-888D-F9CE2C379115}"
EndProject
Global
	GlobalSection(SolutionConfigurationPlatforms) = preSolution
		Debug|Any CPU = Debug|Any CPU
		Release|Any CPU = Release|Any CPU
	EndGlobalSection
	GlobalSection(ProjectConfigurationPlatforms) = postSolution
		{1CFDE8C7-2589-4ED8-888D-F9CE2C379115}.Debug|Any CPU.ActiveCfg = Debug|Any CPU
		{1CFDE8C7-2589-4ED8-888D-F9CE2C379115}.Debug|Any CPU.Build.0 = Debug|Any CPU
		{1CFDE8C7-2589-4ED8-888D-F9CE2C379115}.Release|Any CPU.ActiveCfg = Release|Any CPU
		{1CFDE8C7-2589-4ED8-888D-F9CE2C379115}.Release|Any CPU.Build.0 = Release|Any CPU
	EndGlobalSection
	GlobalSection(SolutionProperties) = preSolution
		HideSolutionNode = FALSE
	EndGlobalSection
	GlobalSection(ExtensibilityGlobals) = postSolution
		SolutionGuid = {EE5367B1-B34B-47E0-9651-D57FEC220CD4}
	EndGlobalSection
EndGlobal
